
Microsoft Visual Studio Solution File, Format Version 12.00
# Visual Studio 15
VisualStudioVersion = 15.0.26228.12
MinimumVisualStudioVersion = 10.0.40219.1
Project("{FAE04EC0-301F-11D3-BF4B-00C04F79EFBC}") = "Votyra", "src\Votyra\Votyra.csproj", "{516C125B-3B6B-47E0-BC12-7FE11ABB0F42}"
EndProject
Project("{2150E333-8FDC-42A3-9474-1A3956D46DE8}") = "src", "src", "{1D54CD0B-E43D-4837-94D0-A1877A7DB883}"
EndProject
Project("{FAE04EC0-301F-11D3-BF4B-00C04F79EFBC}") = "Votyra.UnityTypes", "src\Votyra.UnityTypes\Votyra.UnityTypes.csproj", "{C7706460-8528-4817-99A7-DC42115A2E82}"
EndProject
Project("{FAE04EC0-301F-11D3-BF4B-00C04F79EFBC}") = "Votyra.Benchmark", "src\Votyra.Benchmark\Votyra.Benchmark.csproj", "{54EB5618-FE8E-4C67-A946-90A83303D496}"
EndProject
Global
	GlobalSection(SolutionConfigurationPlatforms) = preSolution
		Debug|Any CPU = Debug|Any CPU
		Release|Any CPU = Release|Any CPU
	EndGlobalSection
	GlobalSection(ProjectConfigurationPlatforms) = postSolution
		{516C125B-3B6B-47E0-BC12-7FE11ABB0F42}.Debug|Any CPU.ActiveCfg = Debug|Any CPU
		{516C125B-3B6B-47E0-BC12-7FE11ABB0F42}.Debug|Any CPU.Build.0 = Debug|Any CPU
		{516C125B-3B6B-47E0-BC12-7FE11ABB0F42}.Release|Any CPU.ActiveCfg = Release|Any CPU
		{516C125B-3B6B-47E0-BC12-7FE11ABB0F42}.Release|Any CPU.Build.0 = Release|Any CPU
		{C7706460-8528-4817-99A7-DC42115A2E82}.Debug|Any CPU.ActiveCfg = Debug|Any CPU
		{C7706460-8528-4817-99A7-DC42115A2E82}.Debug|Any CPU.Build.0 = Debug|Any CPU
		{C7706460-8528-4817-99A7-DC42115A2E82}.Release|Any CPU.ActiveCfg = Release|Any CPU
		{C7706460-8528-4817-99A7-DC42115A2E82}.Release|Any CPU.Build.0 = Release|Any CPU
		{54EB5618-FE8E-4C67-A946-90A83303D496}.Debug|Any CPU.ActiveCfg = Debug|Any CPU
		{54EB5618-FE8E-4C67-A946-90A83303D496}.Debug|Any CPU.Build.0 = Debug|Any CPU
		{54EB5618-FE8E-4C67-A946-90A83303D496}.Release|Any CPU.ActiveCfg = Release|Any CPU
		{54EB5618-FE8E-4C67-A946-90A83303D496}.Release|Any CPU.Build.0 = Release|Any CPU
	EndGlobalSection
	GlobalSection(SolutionProperties) = preSolution
		HideSolutionNode = FALSE
	EndGlobalSection
	GlobalSection(NestedProjects) = preSolution
		{516C125B-3B6B-47E0-BC12-7FE11ABB0F42} = {1D54CD0B-E43D-4837-94D0-A1877A7DB883}
		{C7706460-8528-4817-99A7-DC42115A2E82} = {1D54CD0B-E43D-4837-94D0-A1877A7DB883}
		{54EB5618-FE8E-4C67-A946-90A83303D496} = {1D54CD0B-E43D-4837-94D0-A1877A7DB883}
	EndGlobalSection
EndGlobal
